PODS:
  - camera_avfoundation (0.0.1):
    - Flutter
  - connectivity_plus (0.0.1):
    - Flutter
    - ReachabilitySwift
  - Flutter (1.0.0)
  - fluttertoast (0.0.2):
    - Flutter
  - geolocator_apple (1.2.0):
    - Flutter
    - FlutterMacOS
  - image_picker_ios (0.0.1):
    - Flutter
  - path_provider_foundation (0.0.1):
    - Flutter
    - FlutterMacOS
  - permission_handler_apple (9.3.0):
    - Flutter
  - razorpay-pod (1.4.3)
  - razorpay_flutter (1.1.10):
    - Flutter
    - razorpay-pod
  - ReachabilitySwift (5.2.4)
  - rive_common (0.0.1):
    - Flutter
  - sensors_plus (0.0.1):
    - Flutter
  - shared_preferences_foundation (0.0.1):
    - Flutter
    - FlutterMacOS
  - sqflite_darwin (0.0.4):
    - Flutter
    - FlutterMacOS
  - Stripe (23.18.3):
    - StripeApplePay (= 23.18.3)
    - StripeCore (= 23.18.3)
    - StripePayments (= 23.18.3)
    - StripePaymentsUI (= 23.18.3)
    - StripeUICore (= 23.18.3)
  - stripe_ios (0.0.1):
    - Flutter
    - Stripe (~> 23.18.0)
    - StripeApplePay (~> 23.18.0)
    - StripeFinancialConnections (~> 23.18.0)
    - StripePayments (~> 23.18.0)
    - StripePaymentSheet (~> 23.18.0)
    - StripePaymentsUI (~> 23.18.0)
  - StripeApplePay (23.18.3):
    - StripeCore (= 23.18.3)
  - StripeCore (23.18.3)
  - StripeFinancialConnections (23.18.3):
    - StripeCore (= 23.18.3)
    - StripeUICore (= 23.18.3)
  - StripePayments (23.18.3):
    - StripeCore (= 23.18.3)
    - StripePayments/Stripe3DS2 (= 23.18.3)
  - StripePayments/Stripe3DS2 (23.18.3):
    - StripeCore (= 23.18.3)
  - StripePaymentSheet (23.18.3):
    - StripeApplePay (= 23.18.3)
    - StripeCore (= 23.18.3)
    - StripePayments (= 23.18.3)
    - StripePaymentsUI (= 23.18.3)
  - StripePaymentsUI (23.18.3):
    - StripeCore (= 23.18.3)
    - StripePayments (= 23.18.3)
    - StripeUICore (= 23.18.3)
  - StripeUICore (23.18.3):
    - StripeCore (= 23.18.3)
  - url_launcher_ios (0.0.1):
    - Flutter

DEPENDENCIES:
  - camera_avfoundation (from `.symlinks/plugins/camera_avfoundation/ios`)
  - connectivity_plus (from `.symlinks/plugins/connectivity_plus/ios`)
  - Flutter (from `Flutter`)
  - fluttertoast (from `.symlinks/plugins/fluttertoast/ios`)
  - geolocator_apple (from `.symlinks/plugins/geolocator_apple/darwin`)
  - image_picker_ios (from `.symlinks/plugins/image_picker_ios/ios`)
  - path_provider_foundation (from `.symlinks/plugins/path_provider_foundation/darwin`)
  - permission_handler_apple (from `.symlinks/plugins/permission_handler_apple/ios`)
  - razorpay_flutter (from `.symlinks/plugins/razorpay_flutter/ios`)
  - rive_common (from `.symlinks/plugins/rive_common/ios`)
  - sensors_plus (from `.symlinks/plugins/sensors_plus/ios`)
  - shared_preferences_foundation (from `.symlinks/plugins/shared_preferences_foundation/darwin`)
  - sqflite_darwin (from `.symlinks/plugins/sqflite_darwin/darwin`)
  - stripe_ios (from `.symlinks/plugins/stripe_ios/ios`)
  - url_launcher_ios (from `.symlinks/plugins/url_launcher_ios/ios`)

SPEC REPOS:
  trunk:
    - razorpay-pod
    - ReachabilitySwift
    - Stripe
    - StripeApplePay
    - StripeCore
    - StripeFinancialConnections
    - StripePayments
    - StripePaymentSheet
    - StripePaymentsUI
    - StripeUICore

EXTERNAL SOURCES:
  camera_avfoundation:
    :path: ".symlinks/plugins/camera_avfoundation/ios"
  connectivity_plus:
    :path: ".symlinks/plugins/connectivity_plus/ios"
  Flutter:
    :path: Flutter
  fluttertoast:
    :path: ".symlinks/plugins/fluttertoast/ios"
  geolocator_apple:
    :path: ".symlinks/plugins/geolocator_apple/darwin"
  image_picker_ios:
    :path: ".symlinks/plugins/image_picker_ios/ios"
  path_provider_foundation:
    :path: ".symlinks/plugins/path_provider_foundation/darwin"
  permission_handler_apple:
    :path: ".symlinks/plugins/permission_handler_apple/ios"
  razorpay_flutter:
    :path: ".symlinks/plugins/razorpay_flutter/ios"
  rive_common:
    :path: ".symlinks/plugins/rive_common/ios"
  sensors_plus:
    :path: ".symlinks/plugins/sensors_plus/ios"
  shared_preferences_foundation:
    :path: ".symlinks/plugins/shared_preferences_foundation/darwin"
  sqflite_darwin:
    :path: ".symlinks/plugins/sqflite_darwin/darwin"
  stripe_ios:
    :path: ".symlinks/plugins/stripe_ios/ios"
  url_launcher_ios:
    :path: ".symlinks/plugins/url_launcher_ios/ios"

SPEC CHECKSUMS:
  camera_avfoundation: be3be85408cd4126f250386828e9b1dfa40ab436
  connectivity_plus: 481668c94744c30c53b8895afb39159d1e619bdf
  Flutter: e0871f40cf51350855a761d2e70bf5af5b9b5de7
  fluttertoast: 2c67e14dce98bbdb200df9e1acf610d7a6264ea1
  geolocator_apple: ab36aa0e8b7d7a2d7639b3b4e48308394e8cef5e
  image_picker_ios: 7fe1ff8e34c1790d6fff70a32484959f563a928a
  path_provider_foundation: 080d55be775b7414fd5a5ef3ac137b97b097e564
  permission_handler_apple: 4ed2196e43d0651e8ff7ca3483a069d469701f2d
  razorpay-pod: af9d52abe715ed5cc3eed9fdf6fd74340443d0b9
  razorpay_flutter: 0e98e4fcaae27ad50e011d85f66d85e0a008754a
  ReachabilitySwift: 32793e867593cfc1177f5d16491e3a197d2fccda
  rive_common: daeaa675f575d0a2ce65a2c90d4838d75327047b
  sensors_plus: 2ba4ccef05473d428576bd640f0409c833a9bdea
  shared_preferences_foundation: 9e1978ff2562383bd5676f64ec4e9aa8fa06a6f7
  sqflite_darwin: 20b2a3a3b70e43edae938624ce550a3cbf66a3d0
  Stripe: e046335ab6e3f25d39f1a55bd98620a85269cffa
  stripe_ios: 5d662b18a55cb206e057eb19d04d562f401a865f
  StripeApplePay: 1aa77f8ec7a6d9463fa8f49ae0672fe59dbf4c73
  StripeCore: fe10c34fb3c9ae18b986913f7e4460e7c653ce93
  StripeFinancialConnections: 6022426894046f26fe21d348da02d83d8a637fb0
  StripePayments: 7084fed30c5f03f15ae23c5dce63715ba0b53e15
  StripePaymentSheet: c8d25d4133476c6238d3cc932fb8219bb5ea49c0
  StripePaymentsUI: c12de264eda974d91e43a769f53a6c6afc9a1715
  StripeUICore: 090c4fe916d039616ce8f8de30392f4aeb33dd16
  url_launcher_ios: 694010445543906933d732453a59da0a173ae33d

PODFILE CHECKSUM: 251cb053df7158f337c0712f2ab29f4e0fa474ce

COCOAPODS: 1.16.2
